
Microsoft Visual Studio Solution File, Format Version 12.00
# Visual Studio Version 17
VisualStudioVersion = 17.8.34408.163
MinimumVisualStudioVersion = 10.0.40219.1
Project("{FAE04EC0-301F-11D3-BF4B-00C04F79EFBC}") = "Kodlama.io", "Kodlama.io\Kodlama.io.csproj", "{D92859E3-F6ED-4B41-BBE7-A1898B25C96C}"
EndProject
Global
	GlobalSection(SolutionConfigurationPlatforms) = preSolution
		Debug|Any CPU = Debug|Any CPU
		Release|Any CPU = Release|Any CPU
	EndGlobalSection
	GlobalSection(ProjectConfigurationPlatforms) = postSolution
		{D92859E3-F6ED-4B41-BBE7-A1898B25C96C}.Debug|Any CPU.ActiveCfg = Debug|Any CPU
		{D92859E3-F6ED-4B41-BBE7-A1898B25C96C}.Debug|Any CPU.Build.0 = Debug|Any CPU
		{D92859E3-F6ED-4B41-BBE7-A1898B25C96C}.Release|Any CPU.ActiveCfg = Release|Any CPU
		{D92859E3-F6ED-4B41-BBE7-A1898B25C96C}.Release|Any CPU.Build.0 = Release|Any CPU
	EndGlobalSection
	GlobalSection(SolutionProperties) = preSolution
		HideSolutionNode = FALSE
	EndGlobalSection
	GlobalSection(ExtensibilityGlobals) = postSolution
		SolutionGuid = {E429A44D-5C6E-4E1F-9B78-400F7D62A62E}
	EndGlobalSection
EndGlobal
